
Microsoft Visual Studio Solution File, Format Version 12.00
# Visual Studio Version 16
VisualStudioVersion = 16.0.31402.337
MinimumVisualStudioVersion = 10.0.40219.1
Project("{FAE04EC0-301F-11D3-BF4B-00C04F79EFBC}") = "CarStoreApiConsumer", "CarStoreApiConsumer\CarStoreApiConsumer.csproj", "{F66E2A5A-B826-4983-A091-665118FC5CFE}"
EndProject
Global
	GlobalSection(SolutionConfigurationPlatforms) = preSolution
		Debug|Any CPU = Debug|Any CPU
		Release|Any CPU = Release|Any CPU
	EndGlobalSection
	GlobalSection(ProjectConfigurationPlatforms) = postSolution
		{F66E2A5A-B826-4983-A091-665118FC5CFE}.Debug|Any CPU.ActiveCfg = Debug|Any CPU
		{F66E2A5A-B826-4983-A091-665118FC5CFE}.Debug|Any CPU.Build.0 = Debug|Any CPU
		{F66E2A5A-B826-4983-A091-665118FC5CFE}.Release|Any CPU.ActiveCfg = Release|Any CPU
		{F66E2A5A-B826-4983-A091-665118FC5CFE}.Release|Any CPU.Build.0 = Release|Any CPU
	EndGlobalSection
	GlobalSection(SolutionProperties) = preSolution
		HideSolutionNode = FALSE
	EndGlobalSection
	GlobalSection(ExtensibilityGlobals) = postSolution
		SolutionGuid = {CC151620-EE0B-47AD-B3ED-04B53DF45958}
	EndGlobalSection
EndGlobal
